
Microsoft Visual Studio Solution File, Format Version 12.00
# Visual Studio Version 17
VisualStudioVersion = 17.0.31903.59
MinimumVisualStudioVersion = 10.0.40219.1
Project("{2150E333-8FDC-42A3-9474-1A3956D46DE8}") = "src", "src", "{E1866882-87B0-4BE9-A5E2-2AEA356823E1}"
EndProject
Project("{FAE04EC0-301F-11D3-BF4B-00C04F79EFBC}") = "Vard", "src\Vard\Vard.csproj", "{E36A5098-91C3-4504-8EC5-3AFC57BB05AF}"
EndProject
Project("{2150E333-8FDC-42A3-9474-1A3956D46DE8}") = "tests", "tests", "{898BC4FF-E906-4991-8A69-38D624087C90}"
EndProject
Project("{FAE04EC0-301F-11D3-BF4B-00C04F79EFBC}") = "Vard.Tests", "tests\Vard.Tests\Vard.Tests.csproj", "{A72AD155-9DEE-4A28-B6DC-BFE614301895}"
EndProject
Project("{2150E333-8FDC-42A3-9474-1A3956D46DE8}") = "demo", "demo", "{1EC33E81-F579-4004-9AA8-540E43C985EF}"
EndProject
Project("{FAE04EC0-301F-11D3-BF4B-00C04F79EFBC}") = "Vard.Demo", "demo\Vard.Demo\Vard.Demo.csproj", "{DFB56208-3512-44C9-863E-ED914023BCBE}"
EndProject
Global
	GlobalSection(SolutionConfigurationPlatforms) = preSolution
		Debug|Any CPU = Debug|Any CPU
		Release|Any CPU = Release|Any CPU
	EndGlobalSection
	GlobalSection(SolutionProperties) = preSolution
		HideSolutionNode = FALSE
	EndGlobalSection
	GlobalSection(ProjectConfigurationPlatforms) = postSolution
		{E36A5098-91C3-4504-8EC5-3AFC57BB05AF}.Debug|Any CPU.ActiveCfg = Debug|Any CPU
		{E36A5098-91C3-4504-8EC5-3AFC57BB05AF}.Debug|Any CPU.Build.0 = Debug|Any CPU
		{E36A5098-91C3-4504-8EC5-3AFC57BB05AF}.Release|Any CPU.ActiveCfg = Release|Any CPU
		{E36A5098-91C3-4504-8EC5-3AFC57BB05AF}.Release|Any CPU.Build.0 = Release|Any CPU
		{A72AD155-9DEE-4A28-B6DC-BFE614301895}.Debug|Any CPU.ActiveCfg = Debug|Any CPU
		{A72AD155-9DEE-4A28-B6DC-BFE614301895}.Debug|Any CPU.Build.0 = Debug|Any CPU
		{A72AD155-9DEE-4A28-B6DC-BFE614301895}.Release|Any CPU.ActiveCfg = Release|Any CPU
		{A72AD155-9DEE-4A28-B6DC-BFE614301895}.Release|Any CPU.Build.0 = Release|Any CPU
		{DFB56208-3512-44C9-863E-ED914023BCBE}.Debug|Any CPU.ActiveCfg = Debug|Any CPU
		{DFB56208-3512-44C9-863E-ED914023BCBE}.Debug|Any CPU.Build.0 = Debug|Any CPU
		{DFB56208-3512-44C9-863E-ED914023BCBE}.Release|Any CPU.ActiveCfg = Release|Any CPU
		{DFB56208-3512-44C9-863E-ED914023BCBE}.Release|Any CPU.Build.0 = Release|Any CPU
	EndGlobalSection
	GlobalSection(NestedProjects) = preSolution
		{E36A5098-91C3-4504-8EC5-3AFC57BB05AF} = {E1866882-87B0-4BE9-A5E2-2AEA356823E1}
		{A72AD155-9DEE-4A28-B6DC-BFE614301895} = {898BC4FF-E906-4991-8A69-38D624087C90}
		{DFB56208-3512-44C9-863E-ED914023BCBE} = {1EC33E81-F579-4004-9AA8-540E43C985EF}
	EndGlobalSection
EndGlobal
